
Microsoft Visual Studio Solution File, Format Version 12.00
# Visual Studio 14
VisualStudioVersion = 14.0.25420.1
MinimumVisualStudioVersion = 10.0.40219.1
Project("{2150E333-8FDC-42A3-9474-1A3956D46DE8}") = "Libraries", "Libraries", "{55253EC7-954D-49F4-B644-890F5FF09319}"
EndProject
Project("{2150E333-8FDC-42A3-9474-1A3956D46DE8}") = "Presentation", "Presentation", "{6896E4E8-D529-4E8C-A558-E6F6A47F09E3}"
EndProject
Project("{FAE04EC0-301F-11D3-BF4B-00C04F79EFBC}") = "Framework.Core", "Libraries\Framework.Core\Framework.Core.csproj", "{18408149-1828-4F59-BE2B-651049054CAD}"
EndProject
Project("{FAE04EC0-301F-11D3-BF4B-00C04F79EFBC}") = "Framework.Data", "Libraries\Framework.Data\Framework.Data.csproj", "{2FFBA74C-D08D-4D1A-8E94-B0C03680CE34}"
EndProject
Project("{FAE04EC0-301F-11D3-BF4B-00C04F79EFBC}") = "Framework.Services", "Libraries\Framework.Services\Framework.Services.csproj", "{FBA757F1-9611-490C-8638-AB146BBD05BF}"
EndProject
Global
	GlobalSection(SolutionConfigurationPlatforms) = preSolution
		Debug|Any CPU = Debug|Any CPU
		Release|Any CPU = Release|Any CPU
	EndGlobalSection
	GlobalSection(ProjectConfigurationPlatforms) = postSolution
		{18408149-1828-4F59-BE2B-651049054CAD}.Debug|Any CPU.ActiveCfg = Debug|Any CPU
		{18408149-1828-4F59-BE2B-651049054CAD}.Debug|Any CPU.Build.0 = Debug|Any CPU
		{18408149-1828-4F59-BE2B-651049054CAD}.Release|Any CPU.ActiveCfg = Release|Any CPU
		{18408149-1828-4F59-BE2B-651049054CAD}.Release|Any CPU.Build.0 = Release|Any CPU
		{2FFBA74C-D08D-4D1A-8E94-B0C03680CE34}.Debug|Any CPU.ActiveCfg = Debug|Any CPU
		{2FFBA74C-D08D-4D1A-8E94-B0C03680CE34}.Debug|Any CPU.Build.0 = Debug|Any CPU
		{2FFBA74C-D08D-4D1A-8E94-B0C03680CE34}.Release|Any CPU.ActiveCfg = Release|Any CPU
		{2FFBA74C-D08D-4D1A-8E94-B0C03680CE34}.Release|Any CPU.Build.0 = Release|Any CPU
		{FBA757F1-9611-490C-8638-AB146BBD05BF}.Debug|Any CPU.ActiveCfg = Debug|Any CPU
		{FBA757F1-9611-490C-8638-AB146BBD05BF}.Debug|Any CPU.Build.0 = Debug|Any CPU
		{FBA757F1-9611-490C-8638-AB146BBD05BF}.Release|Any CPU.ActiveCfg = Release|Any CPU
		{FBA757F1-9611-490C-8638-AB146BBD05BF}.Release|Any CPU.Build.0 = Release|Any CPU
	EndGlobalSection
	GlobalSection(SolutionProperties) = preSolution
		HideSolutionNode = FALSE
	EndGlobalSection
	GlobalSection(NestedProjects) = preSolution
		{18408149-1828-4F59-BE2B-651049054CAD} = {55253EC7-954D-49F4-B644-890F5FF09319}
		{2FFBA74C-D08D-4D1A-8E94-B0C03680CE34} = {55253EC7-954D-49F4-B644-890F5FF09319}
		{FBA757F1-9611-490C-8638-AB146BBD05BF} = {55253EC7-954D-49F4-B644-890F5FF09319}
	EndGlobalSection
EndGlobal
